// !$*UTF8*$!
{
	archiveVersion = 1;
	classes = {
	};
	objectVersion = 50;
	objects = {

/* Begin PBXBuildFile section */
		D74186B3238D5DDD00178618 /* AppDelegate.swift in Sources */ = {isa = PBXBuildFile; fileRef = D74186B2238D5DDD00178618 /* AppDelegate.swift */; };
		D74186B5238D5DDD00178618 /* ViewController.swift in Sources */ = {isa = PBXBuildFile; fileRef = D74186B4238D5DDD00178618 /* ViewController.swift */; };
		D74186B8238D5DDD00178618 /* Main.storyboard in Resources */ = {isa = PBXBuildFile; fileRef = D74186B6238D5DDD00178618 /* Main.storyboard */; };
		D74186BA238D5DE000178618 /* Assets.xcassets in Resources */ = {isa = PBXBuildFile; fileRef = D74186B9238D5DE000178618 /* Assets.xcassets */; };
		D74186BD238D5DE000178618 /* LaunchScreen.storyboard in Resources */ = {isa = PBXBuildFile; fileRef = D74186BB238D5DE000178618 /* LaunchScreen.storyboard */; };
		D74186C6238D5E0700178618 /* SegmentedScrollView.swift in Sources */ = {isa = PBXBuildFile; fileRef = D74186C5238D5E0700178618 /* SegmentedScrollView.swift */; };
		D7A68537238D7667008A5ACF /* ColorViewController.swift in Sources */ = {isa = PBXBuildFile; fileRef = D7A68535238D7667008A5ACF /* ColorViewController.swift */; };
		D7A68538238D7667008A5ACF /* ColorViewController.xib in Resources */ = {isa = PBXBuildFile; fileRef = D7A68536238D7667008A5ACF /* ColorViewController.xib */; };
/* End PBXBuildFile section */

/* Begin PBXFileReference section */
		D74186AF238D5DDD00178618 /* SegmentedScrollView.app */ = {isa = PBXFileReference; explicitFileType = wrapper.application; includeInIndex = 0; path = SegmentedScrollView.app; sourceTree = BUILT_PRODUCTS_DIR; };
		D74186B2238D5DDD00178618 /* AppDelegate.swift */ = {isa = PBXFileReference; lastKnownFileType = sourcecode.swift; path = AppDelegate.swift; sourceTree = "<group>"; };
		D74186B4238D5DDD00178618 /* ViewController.swift */ = {isa = PBXFileReference; lastKnownFileType = sourcecode.swift; path = ViewController.swift; sourceTree = "<group>"; };
		D74186B7238D5DDD00178618 /* Base */ = {isa = PBXFileReference; lastKnownFileType = file.storyboard; name = Base; path = Base.lproj/Main.storyboard; sourceTree = "<group>"; };
		D74186B9238D5DE000178618 /* Assets.xcassets */ = {isa = PBXFileReference; lastKnownFileType = folder.assetcatalog; path = Assets.xcassets; sourceTree = "<group>"; };
		D74186BC238D5DE000178618 /* Base */ = {isa = PBXFileReference; lastKnownFileType = file.storyboard; name = Base; path = Base.lproj/LaunchScreen.storyboard; sourceTree = "<group>"; };
		D74186BE238D5DE000178618 /* Info.plist */ = {isa = PBXFileReference; lastKnownFileType = text.plist.xml; path = Info.plist; sourceTree = "<group>"; };
		D74186C5238D5E0700178618 /* SegmentedScrollView.swift */ = {isa = PBXFileReference; lastKnownFileType = sourcecode.swift; path = SegmentedScrollView.swift; sourceTree = "<group>"; };
		D7A68535238D7667008A5ACF /* ColorViewController.swift */ = {isa = PBXFileReference; lastKnownFileType = sourcecode.swift; path = ColorViewController.swift; sourceTree = "<group>"; };
		D7A68536238D7667008A5ACF /* ColorViewController.xib */ = {isa = PBXFileReference; lastKnownFileType = file.xib; path = ColorViewController.xib; sourceTree = "<group>"; };
/* End PBXFileReference section */

/* Begin PBXFrameworksBuildPhase section */
		D74186AC238D5DDD00178618 /* Frameworks */ = {
			isa = PBXFrameworksBuildPhase;
			buildActionMask = 2147483647;
			files = (
			);
			runOnlyForDeploymentPostprocessing = 0;
		};
/* End PBXFrameworksBuildPhase section */

/* Begin PBXGroup section */
		D74186A6238D5DDD00178618 = {
			isa = PBXGroup;
			children = (
				D74186B1238D5DDD00178618 /* SegmentedScrollView */,
				D74186B0238D5DDD00178618 /* Products */,
			);
			sourceTree = "<group>";
		};
		D74186B0238D5DDD00178618 /* Products */ = {
			isa = PBXGroup;
			children = (
				D74186AF238D5DDD00178618 /* SegmentedScrollView.app */,
			);
			name = Products;
			sourceTree = "<group>";
		};
		D74186B1238D5DDD00178618 /* SegmentedScrollView */ = {
			isa = PBXGroup;
			children = (
				D7A68532238D75E3008A5ACF /* ColorViewController */,
				D74186C4238D5DF200178618 /* SegmentScrollView */,
				D74186B2238D5DDD00178618 /* AppDelegate.swift */,
				D74186B4238D5DDD00178618 /* ViewController.swift */,
				D74186B6238D5DDD00178618 /* Main.storyboard */,
				D74186B9238D5DE000178618 /* Assets.xcassets */,
				D74186BB238D5DE000178618 /* LaunchScreen.storyboard */,
				D74186BE238D5DE000178618 /* Info.plist */,
			);
			path = SegmentedScrollView;
			sourceTree = "<group>";
		};
		D74186C4238D5DF200178618 /* SegmentScrollView */ = {
			isa = PBXGroup;
			children = (
				D74186C5238D5E0700178618 /* SegmentedScrollView.swift */,
			);
			path = SegmentScrollView;
			sourceTree = "<group>";
		};
		D7A68532238D75E3008A5ACF /* ColorViewController */ = {
			isa = PBXGroup;
			children = (
				D7A68535238D7667008A5ACF /* ColorViewController.swift */,
				D7A68536238D7667008A5ACF /* ColorViewController.xib */,
			);
			path = ColorViewController;
			sourceTree = "<group>";
		};
/* End PBXGroup section */

/* Begin PBXNativeTarget section */
		D74186AE238D5DDD00178618 /* SegmentedScrollView */ = {
			isa = PBXNativeTarget;
			buildConfigurationList = D74186C1238D5DE000178618 /* Build configuration list for PBXNativeTarget "SegmentedScrollView" */;
			buildPhases = (
				D74186AB238D5DDD00178618 /* Sources */,
				D74186AC238D5DDD00178618 /* Frameworks */,
				D74186AD238D5DDD00178618 /* Resources */,
			);
			buildRules = (
			);
			dependencies = (
			);
			name = SegmentedScrollView;
			productName = SegmentedScrollView;
			productReference = D74186AF238D5DDD00178618 /* SegmentedScrollView.app */;
			productType = "com.apple.product-type.application";
		};
/* End PBXNativeTarget section */

/* Begin PBXProject section */
		D74186A7238D5DDD00178618 /* Project object */ = {
			isa = PBXProject;
			attributes = {
				LastSwiftUpdateCheck = 1030;
				LastUpgradeCheck = 1030;
				ORGANIZATIONNAME = "Illia Postoienko";
				TargetAttributes = {
					D74186AE238D5DDD00178618 = {
						CreatedOnToolsVersion = 10.3;
					};
				};
			};
			buildConfigurationList = D74186AA238D5DDD00178618 /* Build configuration list for PBXProject "SegmentedScrollView" */;
			compatibilityVersion = "Xcode 9.3";
			developmentRegion = en;
			hasScannedForEncodings = 0;
			knownRegions = (
				en,
				Base,
			);
			mainGroup = D74186A6238D5DDD00178618;
			productRefGroup = D74186B0238D5DDD00178618 /* Products */;
			projectDirPath = "";
			projectRoot = "";
			targets = (
				D74186AE238D5DDD00178618 /* SegmentedScrollView */,
			);
		};
/* End PBXProject section */

/* Begin PBXResourcesBuildPhase section */
		D74186AD238D5DDD00178618 /* Resources */ = {
			isa = PBXResourcesBuildPhase;
			buildActionMask = 2147483647;
			files = (
				D74186BD238D5DE000178618 /* LaunchScreen.storyboard in Resources */,
				D74186BA238D5DE000178618 /* Assets.xcassets in Resources */,
				D7A68538238D7667008A5ACF /* ColorViewController.xib in Resources */,
				D74186B8238D5DDD00178618 /* Main.storyboard in Resources */,
			);
			runOnlyForDeploymentPostprocessing = 0;
		};
/* End PBXResourcesBuildPhase section */

/* Begin PBXSourcesBuildPhase section */
		D74186AB238D5DDD00178618 /* Sources */ = {
			isa = PBXSourcesBuildPhase;
			buildActionMask = 2147483647;
			files = (
				D74186B5238D5DDD00178618 /* ViewController.swift in Sources */,
				D74186C6238D5E0700178618 /* SegmentedScrollView.swift in Sources */,
				D7A68537238D7667008A5ACF /* ColorViewController.swift in Sources */,
				D74186B3238D5DDD00178618 /* AppDelegate.swift in Sources */,
			);
			runOnlyForDeploymentPostprocessing = 0;
		};
/* End PBXSourcesBuildPhase section */

/* Begin PBXVariantGroup section */
		D74186B6238D5DDD00178618 /* Main.storyboard */ = {
			isa = PBXVariantGroup;
			children = (
				D74186B7238D5DDD00178618 /* Base */,
			);
			name = Main.storyboard;
			sourceTree = "<group>";
		};
		D74186BB238D5DE000178618 /* LaunchScreen.storyboard */ = {
			isa = PBXVariantGroup;
			children = (
				D74186BC238D5DE000178618 /* Base */,
			);
			name = LaunchScreen.storyboard;
			sourceTree = "<group>";
		};
/* End PBXVariantGroup section */

/* Begin XCBuildConfiguration section */
		D74186BF238D5DE000178618 /* Debug */ = {
			isa = XCBuildConfiguration;
			buildSettings = {
				ALWAYS_SEARCH_USER_PATHS = NO;
				CLANG_ANALYZER_NONNULL = YES;
				CLANG_ANALYZER_NUMBER_OBJECT_CONVERSION = YES_AGGRESSIVE;
				CLANG_CXX_LANGUAGE_STANDARD = "gnu++14";
				CLANG_CXX_LIBRARY = "libc++";
				CLANG_ENABLE_MODULES = YES;
				CLANG_ENABLE_OBJC_ARC = YES;
				CLANG_ENABLE_OBJC_WEAK = YES;
				CLANG_WARN_BLOCK_CAPTURE_AUTORELEASING = YES;
				CLANG_WARN_BOOL_CONVERSION = YES;
				CLANG_WARN_COMMA = YES;
				CLANG_WARN_CONSTANT_CONVERSION = YES;
				CLANG_WARN_DEPRECATED_OBJC_IMPLEMENTATIONS = YES;
				CLANG_WARN_DIRECT_OBJC_ISA_USAGE = YES_ERROR;
				CLANG_WARN_DOCUMENTATION_COMMENTS = YES;
				CLANG_WARN_EMPTY_BODY = YES;
				CLANG_WARN_ENUM_CONVERSION = YES;
				CLANG_WARN_INFINITE_RECURSION = YES;
				CLANG_WARN_INT_CONVERSION = YES;
				CLANG_WARN_NON_LITERAL_NULL_CONVERSION = YES;
				CLANG_WARN_OBJC_IMPLICIT_RETAIN_SELF = YES;
				CLANG_WARN_OBJC_LITERAL_CONVERSION = YES;
				CLANG_WARN_OBJC_ROOT_CLASS = YES_ERROR;
				CLANG_WARN_RANGE_LOOP_ANALYSIS = YES;
				CLANG_WARN_STRICT_PROTOTYPES = YES;
				CLANG_WARN_SUSPICIOUS_MOVE = YES;
				CLANG_WARN_UNGUARDED_AVAILABILITY = YES_AGGRESSIVE;
				CLANG_WARN_UNREACHABLE_CODE = YES;
				CLANG_WARN__DUPLICATE_METHOD_MATCH = YES;
				CODE_SIGN_IDENTITY = "iPhone Developer";
				COPY_PHASE_STRIP = NO;
				DEBUG_INFORMATION_FORMAT = dwarf;
				ENABLE_STRICT_OBJC_MSGSEND = YES;
				ENABLE_TESTABILITY = YES;
				GCC_C_LANGUAGE_STANDARD = gnu11;
				GCC_DYNAMIC_NO_PIC = NO;
				GCC_NO_COMMON_BLOCKS = YES;
				GCC_OPTIMIZATION_LEVEL = 0;
				GCC_PREPROCESSOR_DEFINITIONS = (
					"DEBUG=1",
					"$(inherited)",
				);
				GCC_WARN_64_TO_32_BIT_CONVERSION = YES;
				GCC_WARN_ABOUT_RETURN_TYPE = YES_ERROR;
				GCC_WARN_UNDECLARED_SELECTOR = YES;
				GCC_WARN_UNINITIALIZED_AUTOS = YES_AGGRESSIVE;
				GCC_WARN_UNUSED_FUNCTION = YES;
				GCC_WARN_UNUSED_VARIABLE = YES;
				IPHONEOS_DEPLOYMENT_TARGET = 12.4;
				MTL_ENABLE_DEBUG_INFO = INCLUDE_SOURCE;
				MTL_FAST_MATH = YES;
				ONLY_ACTIVE_ARCH = YES;
				SDKROOT = iphoneos;
				SWIFT_ACTIVE_COMPILATION_CONDITIONS = DEBUG;
				SWIFT_OPTIMIZATION_LEVEL = "-Onone";
			};
			name = Debug;
		};
		D74186C0238D5DE000178618 /* Release */ = {
			isa = XCBuildConfiguration;
			buildSettings = {
				ALWAYS_SEARCH_USER_PATHS = NO;
				CLANG_ANALYZER_NONNULL = YES;
				CLANG_ANALYZER_NUMBER_OBJECT_CONVERSION = YES_AGGRESSIVE;
				CLANG_CXX_LANGUAGE_STANDARD = "gnu++14";
				CLANG_CXX_LIBRARY = "libc++";
				CLANG_ENABLE_MODULES = YES;
				CLANG_ENABLE_OBJC_ARC = YES;
				CLANG_ENABLE_OBJC_WEAK = YES;
				CLANG_WARN_BLOCK_CAPTURE_AUTORELEASING = YES;
				CLANG_WARN_BOOL_CONVERSION = YES;
				CLANG_WARN_COMMA = YES;
				CLANG_WARN_CONSTANT_CONVERSION = YES;
				CLANG_WARN_DEPRECATED_OBJC_IMPLEMENTATIONS = YES;
				CLANG_WARN_DIRECT_OBJC_ISA_USAGE = YES_ERROR;
				CLANG_WARN_DOCUMENTATION_COMMENTS = YES;
				CLANG_WARN_EMPTY_BODY = YES;
				CLANG_WARN_ENUM_CONVERSION = YES;
				CLANG_WARN_INFINITE_RECURSION = YES;
				CLANG_WARN_INT_CONVERSION = YES;
				CLANG_WARN_NON_LITERAL_NULL_CONVERSION = YES;
				CLANG_WARN_OBJC_IMPLICIT_RETAIN_SELF = YES;
				CLANG_WARN_OBJC_LITERAL_CONVERSION = YES;
				CLANG_WARN_OBJC_ROOT_CLASS = YES_ERROR;
				CLANG_WARN_RANGE_LOOP_ANALYSIS = YES;
				CLANG_WARN_STRICT_PROTOTYPES = YES;
				CLANG_WARN_SUSPICIOUS_MOVE = YES;
				CLANG_WARN_UNGUARDED_AVAILABILITY = YES_AGGRESSIVE;
				CLANG_WARN_UNREACHABLE_CODE = YES;
				CLANG_WARN__DUPLICATE_METHOD_MATCH = YES;
				CODE_SIGN_IDENTITY = "iPhone Developer";
				COPY_PHASE_STRIP = NO;
				DEBUG_INFORMATION_FORMAT = "dwarf-with-dsym";
				ENABLE_NS_ASSERTIONS = NO;
				ENABLE_STRICT_OBJC_MSGSEND = YES;
				GCC_C_LANGUAGE_STANDARD = gnu11;
				GCC_NO_COMMON_BLOCKS = YES;
				GCC_WARN_64_TO_32_BIT_CONVERSION = YES;
				GCC_WARN_ABOUT_RETURN_TYPE = YES_ERROR;
				GCC_WARN_UNDECLARED_SELECTOR = YES;
				GCC_WARN_UNINITIALIZED_AUTOS = YES_AGGRESSIVE;
				GCC_WARN_UNUSED_FUNCTION = YES;
				GCC_WARN_UNUSED_VARIABLE = YES;
				IPHONEOS_DEPLOYMENT_TARGET = 12.4;
				MTL_ENABLE_DEBUG_INFO = NO;
				MTL_FAST_MATH = YES;
				SDKROOT = iphoneos;
				SWIFT_COMPILATION_MODE = wholemodule;
				SWIFT_OPTIMIZATION_LEVEL = "-O";
				VALIDATE_PRODUCT = YES;
			};
			name = Release;
		};
		D74186C2238D5DE000178618 /* Debug */ = {
			isa = XCBuildConfiguration;
			buildSettings = {
				ASSETCATALOG_COMPILER_APPICON_NAME = AppIcon;
				CODE_SIGN_STYLE = Automatic;
				INFOPLIST_FILE = SegmentedScrollView/Info.plist;
				LD_RUNPATH_SEARCH_PATHS = (
					"$(inherited)",
					"@executable_path/Frameworks",
				);
				PRODUCT_BUNDLE_IDENTIFIER = com.illiapost.SegmentedScrollView;
				PRODUCT_NAME = "$(TARGET_NAME)";
				SWIFT_VERSION = 5.0;
				TARGETED_DEVICE_FAMILY = "1,2";
			};
			name = Debug;
		};
		D74186C3238D5DE000178618 /* Release */ = {
			isa = XCBuildConfiguration;
			buildSettings = {
				ASSETCATALOG_COMPILER_APPICON_NAME = AppIcon;
				CODE_SIGN_STYLE = Automatic;
				INFOPLIST_FILE = SegmentedScrollView/Info.plist;
				LD_RUNPATH_SEARCH_PATHS = (
					"$(inherited)",
					"@executable_path/Frameworks",
				);
				PRODUCT_BUNDLE_IDENTIFIER = com.illiapost.SegmentedScrollView;
				PRODUCT_NAME = "$(TARGET_NAME)";
				SWIFT_VERSION = 5.0;
				TARGETED_DEVICE_FAMILY = "1,2";
			};
			name = Release;
		};
/* End XCBuildConfiguration section */

/* Begin XCConfigurationList section */
		D74186AA238D5DDD00178618 /* Build configuration list for PBXProject "SegmentedScrollView" */ = {
			isa = XCConfigurationList;
			buildConfigurations = (
				D74186BF238D5DE000178618 /* Debug */,
				D74186C0238D5DE000178618 /* Release */,
			);
			defaultConfigurationIsVisible = 0;
			defaultConfigurationName = Release;
		};
		D74186C1238D5DE000178618 /* Build configuration list for PBXNativeTarget "SegmentedScrollView" */ = {
			isa = XCConfigurationList;
			buildConfigurations = (
				D74186C2238D5DE000178618 /* Debug */,
				D74186C3238D5DE000178618 /* Release */,
			);
			defaultConfigurationIsVisible = 0;
			defaultConfigurationName = Release;
		};
/* End XCConfigurationList section */
	};
	rootObject = D74186A7238D5DDD00178618 /* Project object */;
}
